{
  "lockfileVersion": 1,
  "configVersion": 1,
  "workspaces": {
    "": {
      "name": "@ponti-studios/openspeek",
      "dependencies": {
        "@tanstack/ai": "^0.45.1",
        "@tanstack/ai-openai": "^0.19.1",
      },
      "devDependencies": {
        "@types/bun": "^1.3.14",
        "@types/node": "^22.13.0",
        "typescript": "^5.8.0",
      },
    },
  },
  "packages": {
    "@ag-ui/core": ["@ag-ui/core@0.1.1-canary.beta.0", "", { "peerDependencies": { "zod": "^3.25.18 || ^4.0.0" }, "optionalPeers": ["zod"] }, "sha512-zcP3RH5p3HJTZ0kyQxNOL1blnVFTDpaShitR7UMS/thwFdl48V6CAG+WQBcYEu/dfa8mKonRez88N0Ok+nEI+w=="],

    "@standard-schema/spec": ["@standard-schema/spec@1.1.0", "", {}, "sha512-l2aFy5jALhniG5HgqrD6jXLi/rUWrKvqN/qJx6yoJsgKhblVd+iqqU4RCXavm/jPityDo5TCvKMnpjKnOriy0w=="],

    "@tanstack/ai": ["@tanstack/ai@0.45.1", "", { "dependencies": { "@ag-ui/core": "0.1.1-canary.beta.0", "@standard-schema/spec": "^1.1.0", "@tanstack/ai-event-client": "^0.8.0", "@tanstack/ai-utils": "^0.4.0", "partial-json": "^0.1.7" }, "peerDependencies": { "@opentelemetry/api": ">=1.9.0" }, "optionalPeers": ["@opentelemetry/api"] }, "sha512-mrqSBKX7loqm/+DUkqtHkCfr/yTCdWtmAdUd/yw2VtSNb9O61hJwB7ymGj2TU10darGLolqBxi/jGvZK9dK0hw=="],

    "@tanstack/ai-event-client": ["@tanstack/ai-event-client@0.8.0", "", { "dependencies": { "@tanstack/devtools-event-client": "^0.4.1" } }, "sha512-UzhGQERwGU0yymziuGiHXNnKRZeR2JaGoPXeNzKuHwQtUmvMu1H8g0C9wpkpksj+pmTQPhdEBUOMlU6NhLDVpA=="],

    "@tanstack/ai-openai": ["@tanstack/ai-openai@0.19.1", "", { "dependencies": { "@tanstack/ai-utils": "^0.4.0", "@tanstack/openai-base": "^0.9.13", "openai": "^6.41.0" }, "peerDependencies": { "@tanstack/ai": "^0.45.0", "zod": "^4.0.0" } }, "sha512-i0ie5NEjkj+1+JWUOYI8DPHsQwpNWl4+p/Wrr53/r0oKomJTK4IhVIbla1i3yPKVrPW18Cpfk48m2D29PxnWIw=="],

    "@tanstack/ai-utils": ["@tanstack/ai-utils@0.4.0", "", {}, "sha512-xqvAgPJkIuGk1m+jZKyb7vBTQIaBmUD9EVzlPkDWWMp80n69uwL0TnBZCVk+OwL9goTQiFy648dnBfLsiJgl6A=="],

    "@tanstack/devtools-event-client": ["@tanstack/devtools-event-client@0.4.4", "", { "bin": { "intent": "./bin/intent.js" } }, "sha512-6T5Yop/793YI+H+5J8Hsyj4kCih9sl4t3ElLgKioW5hk3ocn+ZdSJ94tT7vL7uabxSugWYBZlOTMPzEw2puvQw=="],

    "@tanstack/openai-base": ["@tanstack/openai-base@0.9.14", "", { "dependencies": { "@tanstack/ai-utils": "^0.4.0", "openai": "^6.41.0" }, "peerDependencies": { "@tanstack/ai": "^0.45.1" } }, "sha512-UVoKWe14scxd0846rEmZf9Bx1efZL72HWCa43VvAbIqrQbJzcG//98kHJ6xflOYzAStatMVy1fzryDOA9y7/Bw=="],

    "@types/bun": ["@types/bun@1.3.14", "", { "dependencies": { "bun-types": "1.3.14" } }, "sha512-h1hFqFVcvAvD9j9K7ZW7vd82aSA+rTdznZa+5bwvCwqSB1jmmfLcbIWhOLx1/+boy/xmjgCs/OMUL8hRJSmnPw=="],

    "@types/node": ["@types/node@22.20.1", "", { "dependencies": { "undici-types": "~6.21.0" } }, "sha512-EANqOCF9QFyra+4pfxUcX9STKJpCLjMbObVzljIJomAWSnuSIEAvyzEU53GaajbXJEgdh0iEcPL+DGvpUd4k1Q=="],

    "bun-types": ["bun-types@1.3.14", "", { "dependencies": { "@types/node": "*" } }, "sha512-4N0ig0fEomHt5R0KCFWjovxow98rIoRwKolrYdCcknNwMekCXRnWEUvgu5soYV8QXtVsrUD8B95MBOZGPvr6KQ=="],

    "openai": ["openai@6.49.0", "", { "peerDependencies": { "@aws-sdk/credential-provider-node": ">=3.972.0 <4", "@smithy/hash-node": ">=4.3.0 <5", "@smithy/signature-v4": ">=5.4.0 <6", "ws": "^8.18.0", "zod": "^3.25 || ^4.0" }, "optionalPeers": ["@aws-sdk/credential-provider-node", "@smithy/hash-node", "@smithy/signature-v4", "ws", "zod"] }, "sha512-aYCc0C6L864eR6WSYIwQGyXriw/nIyZx0ObvhzOEVuk0zoBDpynjSbrionWI7q65B5H8jJX0DXR9snEzM6bfPg=="],

    "partial-json": ["partial-json@0.1.7", "", {}, "sha512-Njv/59hHaokb/hRUjce3Hdv12wd60MtM9Z5Olmn+nehe0QDAsRtRbJPvJ0Z91TusF0SuZRIvnM+S4l6EIP8leA=="],

    "typescript": ["typescript@5.9.3", "", { "bin": { "tsc": "bin/tsc", "tsserver": "bin/tsserver" } }, "sha512-jl1vZzPDinLr9eUt3J/t7V6FgNEw9QjvBPdysz9KfQDD41fQrC2Y4vKQdiaUpFT4bXlb1RHhLpp8wtm6M5TgSw=="],

    "undici-types": ["undici-types@6.21.0", "", {}, "sha512-iwDZqg0QAGrg9Rav5H4n0M64c3mkR59cJ6wQp+7C4nI0gsmExaedaYLNO44eT4AtBBwjbTiGPMlt2Md0T9H9JQ=="],

    "zod": ["zod@4.4.3", "", {}, "sha512-ytENFjIJFl2UwYglde2jchW2Hwm4GJFLDiSXWdTrJQBIN9Fcyp7n4DhxJEiWNAJMV1/BqWfW/kkg71UDcHJyTQ=="],
  }
}
